// !$*UTF8*$!
{
	archiveVersion = 1;
	classes = {
	};
	objectVersion = 48;
	objects = {

/* Begin PBXBuildFile section */
		34F37ED172F283083A07E60A /* Pods_Reddit_Browser.framework in Frameworks */ = {isa = PBXBuildFile; fileRef = CED222CF1BEFF69BE3589820 /* Pods_Reddit_Browser.framework */; };
		692393211E5206AD009648F6 /* main.m in Sources */ = {isa = PBXBuildFile; fileRef = 692393201E5206AD009648F6 /* main.m */; };
		692393241E5206AE009648F6 /* AppDelegate.m in Sources */ = {isa = PBXBuildFile; fileRef = 692393231E5206AE009648F6 /* AppDelegate.m */; };
		6923932A1E5206B1009648F6 /* Main.storyboard in Resources */ = {isa = PBXBuildFile; fileRef = 692393281E5206B0009648F6 /* Main.storyboard */; };
		6923932C1E5206B3009648F6 /* Assets.xcassets in Resources */ = {isa = PBXBuildFile; fileRef = 6923932B1E5206B3009648F6 /* Assets.xcassets */; };
		6923932F1E5206B3009648F6 /* LaunchScreen.storyboard in Resources */ = {isa = PBXBuildFile; fileRef = 6923932D1E5206B3009648F6 /* LaunchScreen.storyboard */; };
		692393381E520863009648F6 /* MainViewController.m in Sources */ = {isa = PBXBuildFile; fileRef = 692393371E520863009648F6 /* MainViewController.m */; };
		6923933B1E520C18009648F6 /* UIRedditPostTableViewCell.m in Sources */ = {isa = PBXBuildFile; fileRef = 6923933A1E520C18009648F6 /* UIRedditPostTableViewCell.m */; };
		6923933E1E52143B009648F6 /* RedditPost.m in Sources */ = {isa = PBXBuildFile; fileRef = 6923933D1E52143B009648F6 /* RedditPost.m */; };
		6988FCD01E5C9E9A002D2370 /* RedditAPI.m in Sources */ = {isa = PBXBuildFile; fileRef = 6988FCCF1E5C9E9A002D2370 /* RedditAPI.m */; };
		69D272B31E53299D00B05077 /* YTPlayerViewController.m in Sources */ = {isa = PBXBuildFile; fileRef = 69D272B21E53299D00B05077 /* YTPlayerViewController.m */; };
		69E949031E5CC8FF00FDD225 /* ViewPictureController.m in Sources */ = {isa = PBXBuildFile; fileRef = 69E949021E5CC8FF00FDD225 /* ViewPictureController.m */; };
/* End PBXBuildFile section */

/* Begin PBXFileReference section */
		2F480919F29FF5727E739F00 /* Pods-Reddit Browser.debug.xcconfig */ = {isa = PBXFileReference; includeInIndex = 1; lastKnownFileType = text.xcconfig; name = "Pods-Reddit Browser.debug.xcconfig"; path = "Pods/Target Support Files/Pods-Reddit Browser/Pods-Reddit Browser.debug.xcconfig"; sourceTree = "<group>"; };
		60170645B443CEF53BDDFB6E /* Pods-Reddit Browser.release.xcconfig */ = {isa = PBXFileReference; includeInIndex = 1; lastKnownFileType = text.xcconfig; name = "Pods-Reddit Browser.release.xcconfig"; path = "Pods/Target Support Files/Pods-Reddit Browser/Pods-Reddit Browser.release.xcconfig"; sourceTree = "<group>"; };
		6923931C1E5206AD009648F6 /* Reddit Browser.app */ = {isa = PBXFileReference; explicitFileType = wrapper.application; includeInIndex = 0; path = "Reddit Browser.app"; sourceTree = BUILT_PRODUCTS_DIR; };
		692393201E5206AD009648F6 /* main.m */ = {isa = PBXFileReference; lastKnownFileType = sourcecode.c.objc; path = main.m; sourceTree = "<group>"; };
		692393221E5206AE009648F6 /* AppDelegate.h */ = {isa = PBXFileReference; lastKnownFileType = sourcecode.c.h; path = AppDelegate.h; sourceTree = "<group>"; };
		692393231E5206AE009648F6 /* AppDelegate.m */ = {isa = PBXFileReference; lastKnownFileType = sourcecode.c.objc; path = AppDelegate.m; sourceTree = "<group>"; };
		692393291E5206B1009648F6 /* Base */ = {isa = PBXFileReference; lastKnownFileType = file.storyboard; name = Base; path = Base.lproj/Main.storyboard; sourceTree = "<group>"; };
		6923932B1E5206B3009648F6 /* Assets.xcassets */ = {isa = PBXFileReference; lastKnownFileType = folder.assetcatalog; path = Assets.xcassets; sourceTree = "<group>"; };
		6923932E1E5206B3009648F6 /* Base */ = {isa = PBXFileReference; lastKnownFileType = file.storyboard; name = Base; path = Base.lproj/LaunchScreen.storyboard; sourceTree = "<group>"; };
		692393301E5206B4009648F6 /* Info.plist */ = {isa = PBXFileReference; lastKnownFileType = text.plist.xml; path = Info.plist; sourceTree = "<group>"; };
		692393361E520863009648F6 /* MainViewController.h */ = {isa = PBXFileReference; fileEncoding = 4; lastKnownFileType = sourcecode.c.h; path = MainViewController.h; sourceTree = "<group>"; };
		692393371E520863009648F6 /* MainViewController.m */ = {isa = PBXFileReference; fileEncoding = 4; lastKnownFileType = sourcecode.c.objc; path = MainViewController.m; sourceTree = "<group>"; };
		692393391E520C18009648F6 /* UIRedditPostTableViewCell.h */ = {isa = PBXFileReference; fileEncoding = 4; lastKnownFileType = sourcecode.c.h; name = UIRedditPostTableViewCell.h; path = ../UIRedditPostTableViewCell.h; sourceTree = "<group>"; };
		6923933A1E520C18009648F6 /* UIRedditPostTableViewCell.m */ = {isa = PBXFileReference; fileEncoding = 4; lastKnownFileType = sourcecode.c.objc; name = UIRedditPostTableViewCell.m; path = ../UIRedditPostTableViewCell.m; sourceTree = "<group>"; };
		6923933C1E52143B009648F6 /* RedditPost.h */ = {isa = PBXFileReference; fileEncoding = 4; lastKnownFileType = sourcecode.c.h; path = RedditPost.h; sourceTree = "<group>"; };
		6923933D1E52143B009648F6 /* RedditPost.m */ = {isa = PBXFileReference; fileEncoding = 4; lastKnownFileType = sourcecode.c.objc; path = RedditPost.m; sourceTree = "<group>"; };
		6988FCCE1E5C9E9A002D2370 /* RedditAPI.h */ = {isa = PBXFileReference; fileEncoding = 4; lastKnownFileType = sourcecode.c.h; path = RedditAPI.h; sourceTree = "<group>"; };
		6988FCCF1E5C9E9A002D2370 /* RedditAPI.m */ = {isa = PBXFileReference; fileEncoding = 4; lastKnownFileType = sourcecode.c.objc; path = RedditAPI.m; sourceTree = "<group>"; };
		69D272B11E53299D00B05077 /* YTPlayerViewController.h */ = {isa = PBXFileReference; fileEncoding = 4; lastKnownFileType = sourcecode.c.h; name = YTPlayerViewController.h; path = ../YTPlayerViewController.h; sourceTree = "<group>"; };
		69D272B21E53299D00B05077 /* YTPlayerViewController.m */ = {isa = PBXFileReference; fileEncoding = 4; lastKnownFileType = sourcecode.c.objc; name = YTPlayerViewController.m; path = ../YTPlayerViewController.m; sourceTree = "<group>"; };
		69E949011E5CC8FF00FDD225 /* ViewPictureController.h */ = {isa = PBXFileReference; fileEncoding = 4; lastKnownFileType = sourcecode.c.h; name = ViewPictureController.h; path = ../ViewPictureController.h; sourceTree = "<group>"; };
		69E949021E5CC8FF00FDD225 /* ViewPictureController.m */ = {isa = PBXFileReference; fileEncoding = 4; lastKnownFileType = sourcecode.c.objc; name = ViewPictureController.m; path = ../ViewPictureController.m; sourceTree = "<group>"; };
		CED222CF1BEFF69BE3589820 /* Pods_Reddit_Browser.framework */ = {isa = PBXFileReference; explicitFileType = wrapper.framework; includeInIndex = 0; path = Pods_Reddit_Browser.framework; sourceTree = BUILT_PRODUCTS_DIR; };
/* End PBXFileReference section */

/* Begin PBXFrameworksBuildPhase section */
		692393191E5206AD009648F6 /* Frameworks */ = {
			isa = PBXFrameworksBuildPhase;
			buildActionMask = 2147483647;
			files = (
				34F37ED172F283083A07E60A /* Pods_Reddit_Browser.framework in Frameworks */,
			);
			runOnlyForDeploymentPostprocessing = 0;
		};
/* End PBXFrameworksBuildPhase section */

/* Begin PBXGroup section */
		692393131E5206AC009648F6 = {
			isa = PBXGroup;
			children = (
				6923931E1E5206AD009648F6 /* Reddit Browser */,
				6923931D1E5206AD009648F6 /* Products */,
				C0AAFA28F7A24BDF6F6F33A6 /* Pods */,
				8FC2A95B201C7D5568B00F2E /* Frameworks */,
			);
			sourceTree = "<group>";
		};
		6923931D1E5206AD009648F6 /* Products */ = {
			isa = PBXGroup;
			children = (
				6923931C1E5206AD009648F6 /* Reddit Browser.app */,
			);
			name = Products;
			sourceTree = "<group>";
		};
		6923931E1E5206AD009648F6 /* Reddit Browser */ = {
			isa = PBXGroup;
			children = (
				69E949011E5CC8FF00FDD225 /* ViewPictureController.h */,
				69E949021E5CC8FF00FDD225 /* ViewPictureController.m */,
				69D272B11E53299D00B05077 /* YTPlayerViewController.h */,
				69D272B21E53299D00B05077 /* YTPlayerViewController.m */,
				692393391E520C18009648F6 /* UIRedditPostTableViewCell.h */,
				6923933A1E520C18009648F6 /* UIRedditPostTableViewCell.m */,
				692393221E5206AE009648F6 /* AppDelegate.h */,
				692393231E5206AE009648F6 /* AppDelegate.m */,
				692393281E5206B0009648F6 /* Main.storyboard */,
				6923932B1E5206B3009648F6 /* Assets.xcassets */,
				6923932D1E5206B3009648F6 /* LaunchScreen.storyboard */,
				692393301E5206B4009648F6 /* Info.plist */,
				6923931F1E5206AD009648F6 /* Supporting Files */,
				692393361E520863009648F6 /* MainViewController.h */,
				692393371E520863009648F6 /* MainViewController.m */,
				6923933C1E52143B009648F6 /* RedditPost.h */,
				6923933D1E52143B009648F6 /* RedditPost.m */,
				6988FCCE1E5C9E9A002D2370 /* RedditAPI.h */,
				6988FCCF1E5C9E9A002D2370 /* RedditAPI.m */,
			);
			path = "Reddit Browser";
			sourceTree = "<group>";
		};
		6923931F1E5206AD009648F6 /* Supporting Files */ = {
			isa = PBXGroup;
			children = (
				692393201E5206AD009648F6 /* main.m */,
			);
			name = "Supporting Files";
			sourceTree = "<group>";
		};
		8FC2A95B201C7D5568B00F2E /* Frameworks */ = {
			isa = PBXGroup;
			children = (
				CED222CF1BEFF69BE3589820 /* Pods_Reddit_Browser.framework */,
			);
			name = Frameworks;
			sourceTree = "<group>";
		};
		C0AAFA28F7A24BDF6F6F33A6 /* Pods */ = {
			isa = PBXGroup;
			children = (
				2F480919F29FF5727E739F00 /* Pods-Reddit Browser.debug.xcconfig */,
				60170645B443CEF53BDDFB6E /* Pods-Reddit Browser.release.xcconfig */,
			);
			name = Pods;
			sourceTree = "<group>";
		};
/* End PBXGroup section */

/* Begin PBXNativeTarget section */
		6923931B1E5206AD009648F6 /* Reddit Browser */ = {
			isa = PBXNativeTarget;
			buildConfigurationList = 692393331E5206B4009648F6 /* Build configuration list for PBXNativeTarget "Reddit Browser" */;
			buildPhases = (
				70D6963767729CF31390C36F /* [CP] Check Pods Manifest.lock */,
				692393181E5206AD009648F6 /* Sources */,
				692393191E5206AD009648F6 /* Frameworks */,
				6923931A1E5206AD009648F6 /* Resources */,
				E2768815D68244AA866ED459 /* [CP] Embed Pods Frameworks */,
				FFB5FC7B5DE109C52EA1A6CB /* [CP] Copy Pods Resources */,
			);
			buildRules = (
			);
			dependencies = (
			);
			name = "Reddit Browser";
			productName = "Reddit Browser";
			productReference = 6923931C1E5206AD009648F6 /* Reddit Browser.app */;
			productType = "com.apple.product-type.application";
		};
/* End PBXNativeTarget section */

/* Begin PBXProject section */
		692393141E5206AC009648F6 /* Project object */ = {
			isa = PBXProject;
			attributes = {
				LastUpgradeCheck = 0820;
				ORGANIZATIONNAME = "CI&T";
				TargetAttributes = {
					6923931B1E5206AD009648F6 = {
						CreatedOnToolsVersion = 8.2.1;
						ProvisioningStyle = Automatic;
					};
				};
			};
			buildConfigurationList = 692393171E5206AC009648F6 /* Build configuration list for PBXProject "Reddit Browser" */;
			compatibilityVersion = "Xcode 8.0";
			developmentRegion = English;
			hasScannedForEncodings = 0;
			knownRegions = (
				en,
				Base,
			);
			mainGroup = 692393131E5206AC009648F6;
			productRefGroup = 6923931D1E5206AD009648F6 /* Products */;
			projectDirPath = "";
			projectRoot = "";
			targets = (
				6923931B1E5206AD009648F6 /* Reddit Browser */,
			);
		};
/* End PBXProject section */

/* Begin PBXResourcesBuildPhase section */
		6923931A1E5206AD009648F6 /* Resources */ = {
			isa = PBXResourcesBuildPhase;
			buildActionMask = 2147483647;
			files = (
				6923932F1E5206B3009648F6 /* LaunchScreen.storyboard in Resources */,
				6923932C1E5206B3009648F6 /* Assets.xcassets in Resources */,
				6923932A1E5206B1009648F6 /* Main.storyboard in Resources */,
			);
			runOnlyForDeploymentPostprocessing = 0;
		};
/* End PBXResourcesBuildPhase section */

/* Begin PBXShellScriptBuildPhase section */
		70D6963767729CF31390C36F /* [CP] Check Pods Manifest.lock */ = {
			isa = PBXShellScriptBuildPhase;
			buildActionMask = 2147483647;
			files = (
			);
			inputPaths = (
			);
			name = "[CP] Check Pods Manifest.lock";
			outputPaths = (
			);
			runOnlyForDeploymentPostprocessing = 0;
			shellPath = /bin/sh;
			shellScript = "diff \"${PODS_ROOT}/../Podfile.lock\" \"${PODS_ROOT}/Manifest.lock\" > /dev/null\nif [ $? != 0 ] ; then\n    # print error to STDERR\n    echo \"error: The sandbox is not in sync with the Podfile.lock. Run 'pod install' or update your CocoaPods installation.\" >&2\n    exit 1\nfi\n";
			showEnvVarsInLog = 0;
		};
		E2768815D68244AA866ED459 /* [CP] Embed Pods Frameworks */ = {
			isa = PBXShellScriptBuildPhase;
			buildActionMask = 2147483647;
			files = (
			);
			inputPaths = (
			);
			name = "[CP] Embed Pods Frameworks";
			outputPaths = (
			);
			runOnlyForDeploymentPostprocessing = 0;
			shellPath = /bin/sh;
			shellScript = "\"${SRCROOT}/Pods/Target Support Files/Pods-Reddit Browser/Pods-Reddit Browser-frameworks.sh\"\n";
			showEnvVarsInLog = 0;
		};
		FFB5FC7B5DE109C52EA1A6CB /* [CP] Copy Pods Resources */ = {
			isa = PBXShellScriptBuildPhase;
			buildActionMask = 2147483647;
			files = (
			);
			inputPaths = (
			);
			name = "[CP] Copy Pods Resources";
			outputPaths = (
			);
			runOnlyForDeploymentPostprocessing = 0;
			shellPath = /bin/sh;
			shellScript = "\"${SRCROOT}/Pods/Target Support Files/Pods-Reddit Browser/Pods-Reddit Browser-resources.sh\"\n";
			showEnvVarsInLog = 0;
		};
/* End PBXShellScriptBuildPhase section */

/* Begin PBXSourcesBuildPhase section */
		692393181E5206AD009648F6 /* Sources */ = {
			isa = PBXSourcesBuildPhase;
			buildActionMask = 2147483647;
			files = (
				692393241E5206AE009648F6 /* AppDelegate.m in Sources */,
				6923933E1E52143B009648F6 /* RedditPost.m in Sources */,
				6923933B1E520C18009648F6 /* UIRedditPostTableViewCell.m in Sources */,
				692393381E520863009648F6 /* MainViewController.m in Sources */,
				69D272B31E53299D00B05077 /* YTPlayerViewController.m in Sources */,
				69E949031E5CC8FF00FDD225 /* ViewPictureController.m in Sources */,
				692393211E5206AD009648F6 /* main.m in Sources */,
				6988FCD01E5C9E9A002D2370 /* RedditAPI.m in Sources */,
			);
			runOnlyForDeploymentPostprocessing = 0;
		};
/* End PBXSourcesBuildPhase section */

/* Begin PBXVariantGroup section */
		692393281E5206B0009648F6 /* Main.storyboard */ = {
			isa = PBXVariantGroup;
			children = (
				692393291E5206B1009648F6 /* Base */,
			);
			name = Main.storyboard;
			sourceTree = "<group>";
		};
		6923932D1E5206B3009648F6 /* LaunchScreen.storyboard */ = {
			isa = PBXVariantGroup;
			children = (
				6923932E1E5206B3009648F6 /* Base */,
			);
			name = LaunchScreen.storyboard;
			sourceTree = "<group>";
		};
/* End PBXVariantGroup section */

/* Begin XCBuildConfiguration section */
		692393311E5206B4009648F6 /* Debug */ = {
			isa = XCBuildConfiguration;
			buildSettings = {
				ALWAYS_SEARCH_USER_PATHS = NO;
				CLANG_ANALYZER_NONNULL = YES;
				CLANG_CXX_LANGUAGE_STANDARD = "gnu++0x";
				CLANG_CXX_LIBRARY = "libc++";
				CLANG_ENABLE_MODULES = YES;
				CLANG_ENABLE_OBJC_ARC = YES;
				CLANG_WARN_BOOL_CONVERSION = YES;
				CLANG_WARN_CONSTANT_CONVERSION = YES;
				CLANG_WARN_DIRECT_OBJC_ISA_USAGE = YES_ERROR;
				CLANG_WARN_DOCUMENTATION_COMMENTS = YES;
				CLANG_WARN_EMPTY_BODY = YES;
				CLANG_WARN_ENUM_CONVERSION = YES;
				CLANG_WARN_INFINITE_RECURSION = YES;
				CLANG_WARN_INT_CONVERSION = YES;
				CLANG_WARN_OBJC_ROOT_CLASS = YES_ERROR;
				CLANG_WARN_SUSPICIOUS_MOVE = YES;
				CLANG_WARN_UNREACHABLE_CODE = YES;
				CLANG_WARN__DUPLICATE_METHOD_MATCH = YES;
				"CODE_SIGN_IDENTITY[sdk=iphoneos*]" = "iPhone Developer";
				COPY_PHASE_STRIP = NO;
				DEBUG_INFORMATION_FORMAT = dwarf;
				ENABLE_STRICT_OBJC_MSGSEND = YES;
				ENABLE_TESTABILITY = YES;
				GCC_C_LANGUAGE_STANDARD = gnu99;
				GCC_DYNAMIC_NO_PIC = NO;
				GCC_NO_COMMON_BLOCKS = YES;
				GCC_OPTIMIZATION_LEVEL = 0;
				GCC_PREPROCESSOR_DEFINITIONS = (
					"DEBUG=1",
					"$(inherited)",
				);
				GCC_WARN_64_TO_32_BIT_CONVERSION = YES;
				GCC_WARN_ABOUT_RETURN_TYPE = YES_ERROR;
				GCC_WARN_UNDECLARED_SELECTOR = YES;
				GCC_WARN_UNINITIALIZED_AUTOS = YES_AGGRESSIVE;
				GCC_WARN_UNUSED_FUNCTION = YES;
				GCC_WARN_UNUSED_VARIABLE = YES;
				IPHONEOS_DEPLOYMENT_TARGET = 10.2;
				MTL_ENABLE_DEBUG_INFO = YES;
				ONLY_ACTIVE_ARCH = YES;
				SDKROOT = iphoneos;
			};
			name = Debug;
		};
		692393321E5206B4009648F6 /* Release */ = {
			isa = XCBuildConfiguration;
			buildSettings = {
				ALWAYS_SEARCH_USER_PATHS = NO;
				CLANG_ANALYZER_NONNULL = YES;
				CLANG_CXX_LANGUAGE_STANDARD = "gnu++0x";
				CLANG_CXX_LIBRARY = "libc++";
				CLANG_ENABLE_MODULES = YES;
				CLANG_ENABLE_OBJC_ARC = YES;
				CLANG_WARN_BOOL_CONVERSION = YES;
				CLANG_WARN_CONSTANT_CONVERSION = YES;
				CLANG_WARN_DIRECT_OBJC_ISA_USAGE = YES_ERROR;
				CLANG_WARN_DOCUMENTATION_COMMENTS = YES;
				CLANG_WARN_EMPTY_BODY = YES;
				CLANG_WARN_ENUM_CONVERSION = YES;
				CLANG_WARN_INFINITE_RECURSION = YES;
				CLANG_WARN_INT_CONVERSION = YES;
				CLANG_WARN_OBJC_ROOT_CLASS = YES_ERROR;
				CLANG_WARN_SUSPICIOUS_MOVE = YES;
				CLANG_WARN_UNREACHABLE_CODE = YES;
				CLANG_WARN__DUPLICATE_METHOD_MATCH = YES;
				"CODE_SIGN_IDENTITY[sdk=iphoneos*]" = "iPhone Developer";
				COPY_PHASE_STRIP = NO;
				DEBUG_INFORMATION_FORMAT = "dwarf-with-dsym";
				ENABLE_NS_ASSERTIONS = NO;
				ENABLE_STRICT_OBJC_MSGSEND = YES;
				GCC_C_LANGUAGE_STANDARD = gnu99;
				GCC_NO_COMMON_BLOCKS = YES;
				GCC_WARN_64_TO_32_BIT_CONVERSION = YES;
				GCC_WARN_ABOUT_RETURN_TYPE = YES_ERROR;
				GCC_WARN_UNDECLARED_SELECTOR = YES;
				GCC_WARN_UNINITIALIZED_AUTOS = YES_AGGRESSIVE;
				GCC_WARN_UNUSED_FUNCTION = YES;
				GCC_WARN_UNUSED_VARIABLE = YES;
				IPHONEOS_DEPLOYMENT_TARGET = 10.2;
				MTL_ENABLE_DEBUG_INFO = NO;
				SDKROOT = iphoneos;
				VALIDATE_PRODUCT = YES;
			};
			name = Release;
		};
		692393341E5206B4009648F6 /* Debug */ = {
			isa = XCBuildConfiguration;
			baseConfigurationReference = 2F480919F29FF5727E739F00 /* Pods-Reddit Browser.debug.xcconfig */;
			buildSettings = {
				ASSETCATALOG_COMPILER_APPICON_NAME = AppIcon;
				INFOPLIST_FILE = "Reddit Browser/Info.plist";
				LD_RUNPATH_SEARCH_PATHS = "$(inherited) @executable_path/Frameworks";
				PRODUCT_BUNDLE_IDENTIFIER = "com.ciandt.apple.ios.apps.Reddit-Browser";
				PRODUCT_NAME = "$(TARGET_NAME)";
			};
			name = Debug;
		};
		692393351E5206B4009648F6 /* Release */ = {
			isa = XCBuildConfiguration;
			baseConfigurationReference = 60170645B443CEF53BDDFB6E /* Pods-Reddit Browser.release.xcconfig */;
			buildSettings = {
				ASSETCATALOG_COMPILER_APPICON_NAME = AppIcon;
				INFOPLIST_FILE = "Reddit Browser/Info.plist";
				LD_RUNPATH_SEARCH_PATHS = "$(inherited) @executable_path/Frameworks";
				PRODUCT_BUNDLE_IDENTIFIER = "com.ciandt.apple.ios.apps.Reddit-Browser";
				PRODUCT_NAME = "$(TARGET_NAME)";
			};
			name = Release;
		};
/* End XCBuildConfiguration section */

/* Begin XCConfigurationList section */
		692393171E5206AC009648F6 /* Build configuration list for PBXProject "Reddit Browser" */ = {
			isa = XCConfigurationList;
			buildConfigurations = (
				692393311E5206B4009648F6 /* Debug */,
				692393321E5206B4009648F6 /* Release */,
			);
			defaultConfigurationIsVisible = 0;
			defaultConfigurationName = Release;
		};
		692393331E5206B4009648F6 /* Build configuration list for PBXNativeTarget "Reddit Browser" */ = {
			isa = XCConfigurationList;
			buildConfigurations = (
				692393341E5206B4009648F6 /* Debug */,
				692393351E5206B4009648F6 /* Release */,
			);
			defaultConfigurationIsVisible = 0;
			defaultConfigurationName = Release;
		};
/* End XCConfigurationList section */
	};
	rootObject = 692393141E5206AC009648F6 /* Project object */;
}
